// !$*UTF8*$!
{
	archiveVersion = 1;
	classes = {
	};
	objectVersion = 50;
	objects = {

/* Begin PBXBuildFile section */
		D78B95FD242847380078162E /* AppDelegate.swift in Sources */ = {isa = PBXBuildFile; fileRef = D78B95FC242847380078162E /* AppDelegate.swift */; };
		D78B95FF242847380078162E /* SceneDelegate.swift in Sources */ = {isa = PBXBuildFile; fileRef = D78B95FE242847380078162E /* SceneDelegate.swift */; };
		D78B9601242847380078162E /* ViewController.swift in Sources */ = {isa = PBXBuildFile; fileRef = D78B9600242847380078162E /* ViewController.swift */; };
		D78B9604242847380078162E /* Main.storyboard in Resources */ = {isa = PBXBuildFile; fileRef = D78B9602242847380078162E /* Main.storyboard */; };
		D78B96062428473C0078162E /* Assets.xcassets in Resources */ = {isa = PBXBuildFile; fileRef = D78B96052428473C0078162E /* Assets.xcassets */; };
		D78B96092428473C0078162E /* LaunchScreen.storyboard in Resources */ = {isa = PBXBuildFile; fileRef = D78B96072428473C0078162E /* LaunchScreen.storyboard */; };
/* End PBXBuildFile section */

/* Begin PBXFileReference section */
		D78B95F9242847380078162E /* Git Job.app */ = {isa = PBXFileReference; explicitFileType = wrapper.application; includeInIndex = 0; path = "Git Job.app"; sourceTree = BUILT_PRODUCTS_DIR; };
		D78B95FC242847380078162E /* AppDelegate.swift */ = {isa = PBXFileReference; lastKnownFileType = sourcecode.swift; path = AppDelegate.swift; sourceTree = "<group>"; };
		D78B95FE242847380078162E /* SceneDelegate.swift */ = {isa = PBXFileReference; lastKnownFileType = sourcecode.swift; path = SceneDelegate.swift; sourceTree = "<group>"; };
		D78B9600242847380078162E /* ViewController.swift */ = {isa = PBXFileReference; lastKnownFileType = sourcecode.swift; path = ViewController.swift; sourceTree = "<group>"; };
		D78B9603242847380078162E /* Base */ = {isa = PBXFileReference; lastKnownFileType = file.storyboard; name = Base; path = Base.lproj/Main.storyboard; sourceTree = "<group>"; };
		D78B96052428473C0078162E /* Assets.xcassets */ = {isa = PBXFileReference; lastKnownFileType = folder.assetcatalog; path = Assets.xcassets; sourceTree = "<group>"; };
		D78B96082428473C0078162E /* Base */ = {isa = PBXFileReference; lastKnownFileType = file.storyboard; name = Base; path = Base.lproj/LaunchScreen.storyboard; sourceTree = "<group>"; };
		D78B960A2428473C0078162E /* Info.plist */ = {isa = PBXFileReference; lastKnownFileType = text.plist.xml; path = Info.plist; sourceTree = "<group>"; };
/* End PBXFileReference section */

/* Begin PBXFrameworksBuildPhase section */
		D78B95F6242847380078162E /* Frameworks */ = {
			isa = PBXFrameworksBuildPhase;
			buildActionMask = 2147483647;
			files = (
			);
			runOnlyForDeploymentPostprocessing = 0;
		};
/* End PBXFrameworksBuildPhase section */

/* Begin PBXGroup section */
		D78B95F0242847380078162E = {
			isa = PBXGroup;
			children = (
				D78B95FB242847380078162E /* Git Job */,
				D78B95FA242847380078162E /* Products */,
			);
			sourceTree = "<group>";
		};
		D78B95FA242847380078162E /* Products */ = {
			isa = PBXGroup;
			children = (
				D78B95F9242847380078162E /* Git Job.app */,
			);
			name = Products;
			sourceTree = "<group>";
		};
		D78B95FB242847380078162E /* Git Job */ = {
			isa = PBXGroup;
			children = (
				D78B95FC242847380078162E /* AppDelegate.swift */,
				D78B95FE242847380078162E /* SceneDelegate.swift */,
				D78B9600242847380078162E /* ViewController.swift */,
				D78B9602242847380078162E /* Main.storyboard */,
				D78B96052428473C0078162E /* Assets.xcassets */,
				D78B96072428473C0078162E /* LaunchScreen.storyboard */,
				D78B960A2428473C0078162E /* Info.plist */,
			);
			path = "Git Job";
			sourceTree = "<group>";
		};
/* End PBXGroup section */

/* Begin PBXNativeTarget section */
		D78B95F8242847380078162E /* Git Job */ = {
			isa = PBXNativeTarget;
			buildConfigurationList = D78B960D2428473C0078162E /* Build configuration list for PBXNativeTarget "Git Job" */;
			buildPhases = (
				D78B95F5242847380078162E /* Sources */,
				D78B95F6242847380078162E /* Frameworks */,
				D78B95F7242847380078162E /* Resources */,
				D7411C4E24284CF90098F7E3 /* SwiftLint Script */,
			);
			buildRules = (
			);
			dependencies = (
			);
			name = "Git Job";
			productName = "Git Job";
			productReference = D78B95F9242847380078162E /* Git Job.app */;
			productType = "com.apple.product-type.application";
		};
/* End PBXNativeTarget section */

/* Begin PBXProject section */
		D78B95F1242847380078162E /* Project object */ = {
			isa = PBXProject;
			attributes = {
				LastSwiftUpdateCheck = 1130;
				LastUpgradeCheck = 1130;
				ORGANIZATIONNAME = RinDanger;
				TargetAttributes = {
					D78B95F8242847380078162E = {
						CreatedOnToolsVersion = 11.3.1;
					};
				};
			};
			buildConfigurationList = D78B95F4242847380078162E /* Build configuration list for PBXProject "Git Job" */;
			compatibilityVersion = "Xcode 9.3";
			developmentRegion = en;
			hasScannedForEncodings = 0;
			knownRegions = (
				en,
				Base,
			);
			mainGroup = D78B95F0242847380078162E;
			productRefGroup = D78B95FA242847380078162E /* Products */;
			projectDirPath = "";
			projectRoot = "";
			targets = (
				D78B95F8242847380078162E /* Git Job */,
			);
		};
/* End PBXProject section */

/* Begin PBXResourcesBuildPhase section */
		D78B95F7242847380078162E /* Resources */ = {
			isa = PBXResourcesBuildPhase;
			buildActionMask = 2147483647;
			files = (
				D78B96092428473C0078162E /* LaunchScreen.storyboard in Resources */,
				D78B96062428473C0078162E /* Assets.xcassets in Resources */,
				D78B9604242847380078162E /* Main.storyboard in Resources */,
			);
			runOnlyForDeploymentPostprocessing = 0;
		};
/* End PBXResourcesBuildPhase section */

/* Begin PBXShellScriptBuildPhase section */
		D7411C4E24284CF90098F7E3 /* SwiftLint Script */ = {
			isa = PBXShellScriptBuildPhase;
			buildActionMask = 2147483647;
			files = (
			);
			inputFileListPaths = (
			);
			inputPaths = (
			);
			name = "SwiftLint Script";
			outputFileListPaths = (
			);
			outputPaths = (
			);
			runOnlyForDeploymentPostprocessing = 0;
			shellPath = /bin/sh;
			shellScript = "
";
		};
/* End PBXShellScriptBuildPhase section */

/* Begin PBXSourcesBuildPhase section */
		D78B95F5242847380078162E /* Sources */ = {
			isa = PBXSourcesBuildPhase;
			buildActionMask = 2147483647;
			files = (
				D78B9601242847380078162E /* ViewController.swift in Sources */,
				D78B95FD242847380078162E /* AppDelegate.swift in Sources */,
				D78B95FF242847380078162E /* SceneDelegate.swift in Sources */,
			);
			runOnlyForDeploymentPostprocessing = 0;
		};
/* End PBXSourcesBuildPhase section */

/* Begin PBXVariantGroup section */
		D78B9602242847380078162E /* Main.storyboard */ = {
			isa = PBXVariantGroup;
			children = (
				D78B9603242847380078162E /* Base */,
			);
			name = Main.storyboard;
			sourceTree = "<group>";
		};
		D78B96072428473C0078162E /* LaunchScreen.storyboard */ = {
			isa = PBXVariantGroup;
			children = (
				D78B96082428473C0078162E /* Base */,
			);
			name = LaunchScreen.storyboard;
			sourceTree = "<group>";
		};
/* End PBXVariantGroup section */

/* Begin XCBuildConfiguration section */
		D78B960B2428473C0078162E /* Debug */ = {
			isa = XCBuildConfiguration;
			buildSettings = {
				ALWAYS_SEARCH_USER_PATHS = NO;
				CLANG_ANALYZER_NONNULL = YES;
				CLANG_ANALYZER_NUMBER_OBJECT_CONVERSION = YES_AGGRESSIVE;
				CLANG_CXX_LANGUAGE_STANDARD = "gnu++14";
				CLANG_CXX_LIBRARY = "libc++";
				CLANG_ENABLE_MODULES = YES;
				CLANG_ENABLE_OBJC_ARC = YES;
				CLANG_ENABLE_OBJC_WEAK = YES;
				CLANG_WARN_BLOCK_CAPTURE_AUTORELEASING = YES;
				CLANG_WARN_BOOL_CONVERSION = YES;
				CLANG_WARN_COMMA = YES;
				CLANG_WARN_CONSTANT_CONVERSION = YES;
				CLANG_WARN_DEPRECATED_OBJC_IMPLEMENTATIONS = YES;
				CLANG_WARN_DIRECT_OBJC_ISA_USAGE = YES_ERROR;
				CLANG_WARN_DOCUMENTATION_COMMENTS = YES;
				CLANG_WARN_EMPTY_BODY = YES;
				CLANG_WARN_ENUM_CONVERSION = YES;
				CLANG_WARN_INFINITE_RECURSION = YES;
				CLANG_WARN_INT_CONVERSION = YES;
				CLANG_WARN_NON_LITERAL_NULL_CONVERSION = YES;
				CLANG_WARN_OBJC_IMPLICIT_RETAIN_SELF = YES;
				CLANG_WARN_OBJC_LITERAL_CONVERSION = YES;
				CLANG_WARN_OBJC_ROOT_CLASS = YES_ERROR;
				CLANG_WARN_RANGE_LOOP_ANALYSIS = YES;
				CLANG_WARN_STRICT_PROTOTYPES = YES;
				CLANG_WARN_SUSPICIOUS_MOVE = YES;
				CLANG_WARN_UNGUARDED_AVAILABILITY = YES_AGGRESSIVE;
				CLANG_WARN_UNREACHABLE_CODE = YES;
				CLANG_WARN__DUPLICATE_METHOD_MATCH = YES;
				COPY_PHASE_STRIP = NO;
				DEBUG_INFORMATION_FORMAT = dwarf;
				ENABLE_STRICT_OBJC_MSGSEND = YES;
				ENABLE_TESTABILITY = YES;
				GCC_C_LANGUAGE_STANDARD = gnu11;
				GCC_DYNAMIC_NO_PIC = NO;
				GCC_NO_COMMON_BLOCKS = YES;
				GCC_OPTIMIZATION_LEVEL = 0;
				GCC_PREPROCESSOR_DEFINITIONS = (
					"DEBUG=1",
					"$(inherited)",
				);
				GCC_WARN_64_TO_32_BIT_CONVERSION = YES;
				GCC_WARN_ABOUT_RETURN_TYPE = YES_ERROR;
				GCC_WARN_UNDECLARED_SELECTOR = YES;
				GCC_WARN_UNINITIALIZED_AUTOS = YES_AGGRESSIVE;
				GCC_WARN_UNUSED_FUNCTION = YES;
				GCC_WARN_UNUSED_VARIABLE = YES;
				IPHONEOS_DEPLOYMENT_TARGET = 13.2;
				MTL_ENABLE_DEBUG_INFO = INCLUDE_SOURCE;
				MTL_FAST_MATH = YES;
				ONLY_ACTIVE_ARCH = YES;
				SDKROOT = iphoneos;
				SWIFT_ACTIVE_COMPILATION_CONDITIONS = DEBUG;
				SWIFT_OPTIMIZATION_LEVEL = "-Onone";
			};
			name = Debug;
		};
		D78B960C2428473C0078162E /* Release */ = {
			isa = XCBuildConfiguration;
			buildSettings = {
				ALWAYS_SEARCH_USER_PATHS = NO;
				CLANG_ANALYZER_NONNULL = YES;
				CLANG_ANALYZER_NUMBER_OBJECT_CONVERSION = YES_AGGRESSIVE;
				CLANG_CXX_LANGUAGE_STANDARD = "gnu++14";
				CLANG_CXX_LIBRARY = "libc++";
				CLANG_ENABLE_MODULES = YES;
				CLANG_ENABLE_OBJC_ARC = YES;
				CLANG_ENABLE_OBJC_WEAK = YES;
				CLANG_WARN_BLOCK_CAPTURE_AUTORELEASING = YES;
				CLANG_WARN_BOOL_CONVERSION = YES;
				CLANG_WARN_COMMA = YES;
				CLANG_WARN_CONSTANT_CONVERSION = YES;
				CLANG_WARN_DEPRECATED_OBJC_IMPLEMENTATIONS = YES;
				CLANG_WARN_DIRECT_OBJC_ISA_USAGE = YES_ERROR;
				CLANG_WARN_DOCUMENTATION_COMMENTS = YES;
				CLANG_WARN_EMPTY_BODY = YES;
				CLANG_WARN_ENUM_CONVERSION = YES;
				CLANG_WARN_INFINITE_RECURSION = YES;
				CLANG_WARN_INT_CONVERSION = YES;
				CLANG_WARN_NON_LITERAL_NULL_CONVERSION = YES;
				CLANG_WARN_OBJC_IMPLICIT_RETAIN_SELF = YES;
				CLANG_WARN_OBJC_LITERAL_CONVERSION = YES;
				CLANG_WARN_OBJC_ROOT_CLASS = YES_ERROR;
				CLANG_WARN_RANGE_LOOP_ANALYSIS = YES;
				CLANG_WARN_STRICT_PROTOTYPES = YES;
				CLANG_WARN_SUSPICIOUS_MOVE = YES;
				CLANG_WARN_UNGUARDED_AVAILABILITY = YES_AGGRESSIVE;
				CLANG_WARN_UNREACHABLE_CODE = YES;
				CLANG_WARN__DUPLICATE_METHOD_MATCH = YES;
				COPY_PHASE_STRIP = NO;
				DEBUG_INFORMATION_FORMAT = "dwarf-with-dsym";
				ENABLE_NS_ASSERTIONS = NO;
				ENABLE_STRICT_OBJC_MSGSEND = YES;
				GCC_C_LANGUAGE_STANDARD = gnu11;
				GCC_NO_COMMON_BLOCKS = YES;
				GCC_WARN_64_TO_32_BIT_CONVERSION = YES;
				GCC_WARN_ABOUT_RETURN_TYPE = YES_ERROR;
				GCC_WARN_UNDECLARED_SELECTOR = YES;
				GCC_WARN_UNINITIALIZED_AUTOS = YES_AGGRESSIVE;
				GCC_WARN_UNUSED_FUNCTION = YES;
				GCC_WARN_UNUSED_VARIABLE = YES;
				IPHONEOS_DEPLOYMENT_TARGET = 13.2;
				MTL_ENABLE_DEBUG_INFO = NO;
				MTL_FAST_MATH = YES;
				SDKROOT = iphoneos;
				SWIFT_COMPILATION_MODE = wholemodule;
				SWIFT_OPTIMIZATION_LEVEL = "-O";
				VALIDATE_PRODUCT = YES;
			};
			name = Release;
		};
		D78B960E2428473C0078162E /* Debug */ = {
			isa = XCBuildConfiguration;
			buildSettings = {
				ASSETCATALOG_COMPILER_APPICON_NAME = AppIcon;
				CODE_SIGN_STYLE = Automatic;
				DEVELOPMENT_TEAM = BPW45ZHW4H;
				INFOPLIST_FILE = "Git Job/Info.plist";
				LD_RUNPATH_SEARCH_PATHS = (
					"$(inherited)",
					"@executable_path/Frameworks",
				);
				OTHER_SWIFT_FLAGS = "$(inherited) -D COCOAPODS -Xfrontend -warn-long-expression-type-checking=200 -Xfrontend -warn-long-function-bodies=200";
				PRODUCT_BUNDLE_IDENTIFIER = "com.RinDanger.Git-Job";
				PRODUCT_NAME = "$(TARGET_NAME)";
				SWIFT_VERSION = 5.0;
				TARGETED_DEVICE_FAMILY = "1,2";
			};
			name = Debug;
		};
		D78B960F2428473C0078162E /* Release */ = {
			isa = XCBuildConfiguration;
			buildSettings = {
				ASSETCATALOG_COMPILER_APPICON_NAME = AppIcon;
				CODE_SIGN_STYLE = Automatic;
				DEVELOPMENT_TEAM = BPW45ZHW4H;
				INFOPLIST_FILE = "Git Job/Info.plist";
				LD_RUNPATH_SEARCH_PATHS = (
					"$(inherited)",
					"@executable_path/Frameworks",
				);
				OTHER_SWIFT_FLAGS = "$(inherited) -D COCOAPODS -Xfrontend -warn-long-expression-type-checking=200 -Xfrontend -warn-long-function-bodies=200";
				PRODUCT_BUNDLE_IDENTIFIER = "com.RinDanger.Git-Job";
				PRODUCT_NAME = "$(TARGET_NAME)";
				SWIFT_VERSION = 5.0;
				TARGETED_DEVICE_FAMILY = "1,2";
			};
			name = Release;
		};
/* End XCBuildConfiguration section */

/* Begin XCConfigurationList section */
		D78B95F4242847380078162E /* Build configuration list for PBXProject "Git Job" */ = {
			isa = XCConfigurationList;
			buildConfigurations = (
				D78B960B2428473C0078162E /* Debug */,
				D78B960C2428473C0078162E /* Release */,
			);
			defaultConfigurationIsVisible = 0;
			defaultConfigurationName = Release;
		};
		D78B960D2428473C0078162E /* Build configuration list for PBXNativeTarget "Git Job" */ = {
			isa = XCConfigurationList;
			buildConfigurations = (
				D78B960E2428473C0078162E /* Debug */,
				D78B960F2428473C0078162E /* Release */,
			);
			defaultConfigurationIsVisible = 0;
			defaultConfigurationName = Release;
		};
/* End XCConfigurationList section */
	};
	rootObject = D78B95F1242847380078162E /* Project object */;
}
